
Microsoft Visual Studio Solution File, Format Version 12.00
# Visual Studio Version 17
VisualStudioVersion = 17.0.31903.59
MinimumVisualStudioVersion = 10.0.40219.1
Project("{2150E333-8FDC-42A3-9474-1A3956D46DE8}") = "src", "src", "{967719FD-E735-492F-B559-DD897F2ACEB1}"
EndProject
Project("{FAE04EC0-301F-11D3-BF4B-00C04F79EFBC}") = "MonteCarlo", "src\MonteCarlo\MonteCarlo.csproj", "{B2F7EC4E-06EC-4DF9-9E65-EC3527E1C07A}"
EndProject
Project("{2150E333-8FDC-42A3-9474-1A3956D46DE8}") = "tests", "tests", "{FD4DCBEF-F191-4D57-BF36-A3A6C88A70C7}"
EndProject
Project("{FAE04EC0-301F-11D3-BF4B-00C04F79EFBC}") = "MonteCarlo.Tests", "tests\MonteCarlo.Tests\MonteCarlo.Tests.csproj", "{B4A605DB-0079-4FD8-80E7-6AC9D67C0DB0}"
EndProject
Global
	GlobalSection(SolutionConfigurationPlatforms) = preSolution
		Debug|Any CPU = Debug|Any CPU
		Release|Any CPU = Release|Any CPU
	EndGlobalSection
	GlobalSection(SolutionProperties) = preSolution
		HideSolutionNode = FALSE
	EndGlobalSection
	GlobalSection(ProjectConfigurationPlatforms) = postSolution
		{B2F7EC4E-06EC-4DF9-9E65-EC3527E1C07A}.Debug|Any CPU.ActiveCfg = Debug|Any CPU
		{B2F7EC4E-06EC-4DF9-9E65-EC3527E1C07A}.Debug|Any CPU.Build.0 = Debug|Any CPU
		{B2F7EC4E-06EC-4DF9-9E65-EC3527E1C07A}.Release|Any CPU.ActiveCfg = Release|Any CPU
		{B2F7EC4E-06EC-4DF9-9E65-EC3527E1C07A}.Release|Any CPU.Build.0 = Release|Any CPU
		{B4A605DB-0079-4FD8-80E7-6AC9D67C0DB0}.Debug|Any CPU.ActiveCfg = Debug|Any CPU
		{B4A605DB-0079-4FD8-80E7-6AC9D67C0DB0}.Debug|Any CPU.Build.0 = Debug|Any CPU
		{B4A605DB-0079-4FD8-80E7-6AC9D67C0DB0}.Release|Any CPU.ActiveCfg = Release|Any CPU
		{B4A605DB-0079-4FD8-80E7-6AC9D67C0DB0}.Release|Any CPU.Build.0 = Release|Any CPU
	EndGlobalSection
	GlobalSection(NestedProjects) = preSolution
		{B2F7EC4E-06EC-4DF9-9E65-EC3527E1C07A} = {967719FD-E735-492F-B559-DD897F2ACEB1}
		{B4A605DB-0079-4FD8-80E7-6AC9D67C0DB0} = {FD4DCBEF-F191-4D57-BF36-A3A6C88A70C7}
	EndGlobalSection
EndGlobal
